
Microsoft Visual Studio Solution File, Format Version 12.00
# Visual Studio Version 17
VisualStudioVersion = 17.8.34511.84
MinimumVisualStudioVersion = 10.0.40219.1
Project("{9A19103F-16F7-4668-BE54-9A1E7A4F7556}") = "AgriculturalForum.Web", "AgriculturalForum.Web\AgriculturalForum.Web.csproj", "{1992CC31-9798-48F3-83BF-A507F83262DD}"
EndProject
Global
	GlobalSection(SolutionConfigurationPlatforms) = preSolution
		Debug|Any CPU = Debug|Any CPU
		Release|Any CPU = Release|Any CPU
	EndGlobalSection
	GlobalSection(ProjectConfigurationPlatforms) = postSolution
		{1992CC31-9798-48F3-83BF-A507F83262DD}.Debug|Any CPU.ActiveCfg = Debug|Any CPU
		{1992CC31-9798-48F3-83BF-A507F83262DD}.Debug|Any CPU.Build.0 = Debug|Any CPU
		{1992CC31-9798-48F3-83BF-A507F83262DD}.Release|Any CPU.ActiveCfg = Release|Any CPU
		{1992CC31-9798-48F3-83BF-A507F83262DD}.Release|Any CPU.Build.0 = Release|Any CPU
	EndGlobalSection
	GlobalSection(SolutionProperties) = preSolution
		HideSolutionNode = FALSE
	EndGlobalSection
	GlobalSection(ExtensibilityGlobals) = postSolution
		SolutionGuid = {D5F4903A-7A72-4FB6-8872-98353D78F3DE}
	EndGlobalSection
EndGlobal
